
Microsoft Visual Studio Solution File, Format Version 12.00
# Visual Studio 15
Project("{FAE04EC0-301F-11D3-BF4B-00C04F79EFBC}") = "Oculus.Interaction.Editor", "Oculus.Interaction.Editor.csproj", "{7CAD182A-72F4-C6E3-3F47-77C7A16125C5}"
EndProject
Project("{FAE04EC0-301F-11D3-BF4B-00C04F79EFBC}") = "Facebook.Wit.Conduit", "Facebook.Wit.Conduit.csproj", "{2D90B009-6554-6BE0-CBC0-5B37D499C365}"
EndProject
Project("{FAE04EC0-301F-11D3-BF4B-00C04F79EFBC}") = "Oculus.VR", "Oculus.VR.csproj", "{3A5658AC-ACAC-073F-0720-F5AD58BEDF96}"
EndProject
Project("{FAE04EC0-301F-11D3-BF4B-00C04F79EFBC}") = "Oculus.Interaction", "Oculus.Interaction.csproj", "{79375CC5-FCBD-827B-CA4B-982C51F07CE5}"
EndProject
Project("{FAE04EC0-301F-11D3-BF4B-00C04F79EFBC}") = "Oculus.Platform", "Oculus.Platform.csproj", "{DCA5E3CA-F541-0F86-6BBE-E3B46F477BA6}"
EndProject
Project("{FAE04EC0-301F-11D3-BF4B-00C04F79EFBC}") = "Facebook.Wit.Conduit.Editor", "Facebook.Wit.Conduit.Editor.csproj", "{44BDF55C-4169-2841-FEB8-8B3DFE604723}"
EndProject
Project("{FAE04EC0-301F-11D3-BF4B-00C04F79EFBC}") = "Facebook.WitAI", "Facebook.WitAI.csproj", "{3650C3AD-E3AA-827C-EF7F-2E5CCECAD754}"
EndProject
Project("{FAE04EC0-301F-11D3-BF4B-00C04F79EFBC}") = "Assembly-CSharp", "Assembly-CSharp.csproj", "{2DC6D7DB-0607-5981-7C2D-E86504429FB1}"
EndProject
Project("{FAE04EC0-301F-11D3-BF4B-00C04F79EFBC}") = "Oculus.VR.Scripts.Editor", "Oculus.VR.Scripts.Editor.csproj", "{0E6CBA12-89AB-B490-E4D3-6C18A1DFB6A1}"
EndProject
Project("{FAE04EC0-301F-11D3-BF4B-00C04F79EFBC}") = "Oculus.VR.Editor", "Oculus.VR.Editor.csproj", "{4FCBEB00-511D-D49C-3AF5-6E09EA3B563F}"
EndProject
Project("{FAE04EC0-301F-11D3-BF4B-00C04F79EFBC}") = "Facebook.Wit.Editor", "Facebook.Wit.Editor.csproj", "{116E0B9C-9FAF-13FF-D6E7-19682D3040BE}"
EndProject
Project("{FAE04EC0-301F-11D3-BF4B-00C04F79EFBC}") = "Oculus.Interaction.Samples", "Oculus.Interaction.Samples.csproj", "{A0F56B6A-B5FC-933F-1844-37C0FC9D0D98}"
EndProject
Project("{FAE04EC0-301F-11D3-BF4B-00C04F79EFBC}") = "VoiceSDK.Dictation.Runtime", "VoiceSDK.Dictation.Runtime.csproj", "{93CC1D50-25D4-2CA1-526C-18666E3C2212}"
EndProject
Project("{FAE04EC0-301F-11D3-BF4B-00C04F79EFBC}") = "Oculus.LipSync", "Oculus.LipSync.csproj", "{C0B5EBD7-D539-B103-A567-CB2600B28CF4}"
EndProject
Project("{FAE04EC0-301F-11D3-BF4B-00C04F79EFBC}") = "LitJson", "LitJson.csproj", "{44325BFD-F42C-CC28-3844-648301DDED30}"
EndProject
Project("{FAE04EC0-301F-11D3-BF4B-00C04F79EFBC}") = "VoiceSDK.Editor", "VoiceSDK.Editor.csproj", "{1FB58507-CF59-94C8-508F-A084F4A9FD55}"
EndProject
Project("{FAE04EC0-301F-11D3-BF4B-00C04F79EFBC}") = "Oculus.Spatializer.Editor", "Oculus.Spatializer.Editor.csproj", "{88DA100D-ABDF-58AF-2A32-91522B0C912A}"
EndProject
Project("{FAE04EC0-301F-11D3-BF4B-00C04F79EFBC}") = "Facebook.Wit.TTS", "Facebook.Wit.TTS.csproj", "{79870F09-89D1-294E-B974-7616805182A3}"
EndProject
Project("{FAE04EC0-301F-11D3-BF4B-00C04F79EFBC}") = "Oculus.AudioManager", "Oculus.AudioManager.csproj", "{6A066BF1-32F7-E2A9-FA39-F3A7D38DB1EA}"
EndProject
Project("{FAE04EC0-301F-11D3-BF4B-00C04F79EFBC}") = "AssistantCoreSDKRuntime", "AssistantCoreSDKRuntime.csproj", "{F569E38E-B18B-2F38-A07F-D17C1EC42B04}"
EndProject
Project("{FAE04EC0-301F-11D3-BF4B-00C04F79EFBC}") = "Facebook.Wit.Dictation", "Facebook.Wit.Dictation.csproj", "{E68466FD-AB7E-C3C0-D7AD-CBE69B1CEFEF}"
EndProject
Project("{FAE04EC0-301F-11D3-BF4B-00C04F79EFBC}") = "Facebook.Wit.TTS.Editor", "Facebook.Wit.TTS.Editor.csproj", "{BF677CB9-E48E-D176-4064-B6B07DF5196A}"
EndProject
Project("{FAE04EC0-301F-11D3-BF4B-00C04F79EFBC}") = "VoiceSDK.Runtime", "VoiceSDK.Runtime.csproj", "{6A7CB042-D5F2-2020-25CA-31EA4B42575E}"
EndProject
Project("{FAE04EC0-301F-11D3-BF4B-00C04F79EFBC}") = "Oculus.AudioManager.Audio.Editor", "Oculus.AudioManager.Audio.Editor.csproj", "{079359A2-E76E-88C1-902B-C376EAE47BE7}"
EndProject
Project("{FAE04EC0-301F-11D3-BF4B-00C04F79EFBC}") = "Assembly-CSharp-Editor", "Assembly-CSharp-Editor.csproj", "{CD53E337-499A-6D75-2FA9-90E8774FB9D7}"
EndProject
Project("{FAE04EC0-301F-11D3-BF4B-00C04F79EFBC}") = "Oculus.Voice.Demo", "Oculus.Voice.Demo.csproj", "{EA50AC81-35B3-4293-0B43-51CE873D3839}"
EndProject
Project("{FAE04EC0-301F-11D3-BF4B-00C04F79EFBC}") = "Facebook.Wit.TTS.Samples", "Facebook.Wit.TTS.Samples.csproj", "{0BF6AABC-7E4D-9ED6-31B8-FE9F9A62BF7E}"
EndProject
Project("{FAE04EC0-301F-11D3-BF4B-00C04F79EFBC}") = "Oculus.Interaction.Samples.Editor", "Oculus.Interaction.Samples.Editor.csproj", "{ADF5635C-BA36-E920-C9BE-FCF24CA5EE0A}"
EndProject
Project("{FAE04EC0-301F-11D3-BF4B-00C04F79EFBC}") = "Oculus.Platform.Editor", "Oculus.Platform.Editor.csproj", "{7A7DAE8B-70E9-CB2A-6FC2-7F28A99BBB9A}"
EndProject
Project("{FAE04EC0-301F-11D3-BF4B-00C04F79EFBC}") = "Oculus.Spatializer", "Oculus.Spatializer.csproj", "{0818BF58-7CD4-8969-7423-F322DC41C549}"
EndProject
Project("{FAE04EC0-301F-11D3-BF4B-00C04F79EFBC}") = "Oculus.LipSync.Editor", "Oculus.LipSync.Editor.csproj", "{F5377CFF-54CE-1F9E-D9E6-A70B86844DD2}"
EndProject
Project("{FAE04EC0-301F-11D3-BF4B-00C04F79EFBC}") = "Oculus.AudioManager.Utils.Editor", "Oculus.AudioManager.Utils.Editor.csproj", "{B1754165-11D1-2F8B-D6F4-5FF238869A05}"
EndProject
Project("{FAE04EC0-301F-11D3-BF4B-00C04F79EFBC}") = "VoiceSDK.Dictation.Editor", "VoiceSDK.Dictation.Editor.csproj", "{CA4C7946-5807-6DD4-1C9D-1247A8E85DF0}"
EndProject
Project("{FAE04EC0-301F-11D3-BF4B-00C04F79EFBC}") = "AssistantCoreSDKEditor", "AssistantCoreSDKEditor.csproj", "{B70E063B-3507-B8E9-1604-0845CE4DEE14}"
EndProject
Project("{FAE04EC0-301F-11D3-BF4B-00C04F79EFBC}") = "Oculus.Interaction.InterfaceSupport", "Oculus.Interaction.InterfaceSupport.csproj", "{F0CF0A69-1CE8-CFF9-0130-35FA80BC2B43}"
EndProject
Global
	GlobalSection(SolutionConfigurationPlatforms) = preSolution
		Debug|Any CPU = Debug|Any CPU
		Release|Any CPU = Release|Any CPU
	EndGlobalSection
	GlobalSection(ProjectConfigurationPlatforms) = postSolution
		{7CAD182A-72F4-C6E3-3F47-77C7A16125C5}.Debug|Any CPU.ActiveCfg = Debug|Any CPU
		{7CAD182A-72F4-C6E3-3F47-77C7A16125C5}.Debug|Any CPU.Build.0 = Debug|Any CPU
		{7CAD182A-72F4-C6E3-3F47-77C7A16125C5}.Release|Any CPU.ActiveCfg = Release|Any CPU
		{7CAD182A-72F4-C6E3-3F47-77C7A16125C5}.Release|Any CPU.Build.0 = Release|Any CPU
		{2D90B009-6554-6BE0-CBC0-5B37D499C365}.Debug|Any CPU.ActiveCfg = Debug|Any CPU
		{2D90B009-6554-6BE0-CBC0-5B37D499C365}.Debug|Any CPU.Build.0 = Debug|Any CPU
		{2D90B009-6554-6BE0-CBC0-5B37D499C365}.Release|Any CPU.ActiveCfg = Release|Any CPU
		{2D90B009-6554-6BE0-CBC0-5B37D499C365}.Release|Any CPU.Build.0 = Release|Any CPU
		{3A5658AC-ACAC-073F-0720-F5AD58BEDF96}.Debug|Any CPU.ActiveCfg = Debug|Any CPU
		{3A5658AC-ACAC-073F-0720-F5AD58BEDF96}.Debug|Any CPU.Build.0 = Debug|Any CPU
		{3A5658AC-ACAC-073F-0720-F5AD58BEDF96}.Release|Any CPU.ActiveCfg = Release|Any CPU
		{3A5658AC-ACAC-073F-0720-F5AD58BEDF96}.Release|Any CPU.Build.0 = Release|Any CPU
		{79375CC5-FCBD-827B-CA4B-982C51F07CE5}.Debug|Any CPU.ActiveCfg = Debug|Any CPU
		{79375CC5-FCBD-827B-CA4B-982C51F07CE5}.Debug|Any CPU.Build.0 = Debug|Any CPU
		{79375CC5-FCBD-827B-CA4B-982C51F07CE5}.Release|Any CPU.ActiveCfg = Release|Any CPU
		{79375CC5-FCBD-827B-CA4B-982C51F07CE5}.Release|Any CPU.Build.0 = Release|Any CPU
		{DCA5E3CA-F541-0F86-6BBE-E3B46F477BA6}.Debug|Any CPU.ActiveCfg = Debug|Any CPU
		{DCA5E3CA-F541-0F86-6BBE-E3B46F477BA6}.Debug|Any CPU.Build.0 = Debug|Any CPU
		{DCA5E3CA-F541-0F86-6BBE-E3B46F477BA6}.Release|Any CPU.ActiveCfg = Release|Any CPU
		{DCA5E3CA-F541-0F86-6BBE-E3B46F477BA6}.Release|Any CPU.Build.0 = Release|Any CPU
		{44BDF55C-4169-2841-FEB8-8B3DFE604723}.Debug|Any CPU.ActiveCfg = Debug|Any CPU
		{44BDF55C-4169-2841-FEB8-8B3DFE604723}.Debug|Any CPU.Build.0 = Debug|Any CPU
		{44BDF55C-4169-2841-FEB8-8B3DFE604723}.Release|Any CPU.ActiveCfg = Release|Any CPU
		{44BDF55C-4169-2841-FEB8-8B3DFE604723}.Release|Any CPU.Build.0 = Release|Any CPU
		{3650C3AD-E3AA-827C-EF7F-2E5CCECAD754}.Debug|Any CPU.ActiveCfg = Debug|Any CPU
		{3650C3AD-E3AA-827C-EF7F-2E5CCECAD754}.Debug|Any CPU.Build.0 = Debug|Any CPU
		{3650C3AD-E3AA-827C-EF7F-2E5CCECAD754}.Release|Any CPU.ActiveCfg = Release|Any CPU
		{3650C3AD-E3AA-827C-EF7F-2E5CCECAD754}.Release|Any CPU.Build.0 = Release|Any CPU
		{2DC6D7DB-0607-5981-7C2D-E86504429FB1}.Debug|Any CPU.ActiveCfg = Debug|Any CPU
		{2DC6D7DB-0607-5981-7C2D-E86504429FB1}.Debug|Any CPU.Build.0 = Debug|Any CPU
		{2DC6D7DB-0607-5981-7C2D-E86504429FB1}.Release|Any CPU.ActiveCfg = Release|Any CPU
		{2DC6D7DB-0607-5981-7C2D-E86504429FB1}.Release|Any CPU.Build.0 = Release|Any CPU
		{0E6CBA12-89AB-B490-E4D3-6C18A1DFB6A1}.Debug|Any CPU.ActiveCfg = Debug|Any CPU
		{0E6CBA12-89AB-B490-E4D3-6C18A1DFB6A1}.Debug|Any CPU.Build.0 = Debug|Any CPU
		{0E6CBA12-89AB-B490-E4D3-6C18A1DFB6A1}.Release|Any CPU.ActiveCfg = Release|Any CPU
		{0E6CBA12-89AB-B490-E4D3-6C18A1DFB6A1}.Release|Any CPU.Build.0 = Release|Any CPU
		{4FCBEB00-511D-D49C-3AF5-6E09EA3B563F}.Debug|Any CPU.ActiveCfg = Debug|Any CPU
		{4FCBEB00-511D-D49C-3AF5-6E09EA3B563F}.Debug|Any CPU.Build.0 = Debug|Any CPU
		{4FCBEB00-511D-D49C-3AF5-6E09EA3B563F}.Release|Any CPU.ActiveCfg = Release|Any CPU
		{4FCBEB00-511D-D49C-3AF5-6E09EA3B563F}.Release|Any CPU.Build.0 = Release|Any CPU
		{116E0B9C-9FAF-13FF-D6E7-19682D3040BE}.Debug|Any CPU.ActiveCfg = Debug|Any CPU
		{116E0B9C-9FAF-13FF-D6E7-19682D3040BE}.Debug|Any CPU.Build.0 = Debug|Any CPU
		{116E0B9C-9FAF-13FF-D6E7-19682D3040BE}.Release|Any CPU.ActiveCfg = Release|Any CPU
		{116E0B9C-9FAF-13FF-D6E7-19682D3040BE}.Release|Any CPU.Build.0 = Release|Any CPU
		{A0F56B6A-B5FC-933F-1844-37C0FC9D0D98}.Debug|Any CPU.ActiveCfg = Debug|Any CPU
		{A0F56B6A-B5FC-933F-1844-37C0FC9D0D98}.Debug|Any CPU.Build.0 = Debug|Any CPU
		{A0F56B6A-B5FC-933F-1844-37C0FC9D0D98}.Release|Any CPU.ActiveCfg = Release|Any CPU
		{A0F56B6A-B5FC-933F-1844-37C0FC9D0D98}.Release|Any CPU.Build.0 = Release|Any CPU
		{93CC1D50-25D4-2CA1-526C-18666E3C2212}.Debug|Any CPU.ActiveCfg = Debug|Any CPU
		{93CC1D50-25D4-2CA1-526C-18666E3C2212}.Debug|Any CPU.Build.0 = Debug|Any CPU
		{93CC1D50-25D4-2CA1-526C-18666E3C2212}.Release|Any CPU.ActiveCfg = Release|Any CPU
		{93CC1D50-25D4-2CA1-526C-18666E3C2212}.Release|Any CPU.Build.0 = Release|Any CPU
		{C0B5EBD7-D539-B103-A567-CB2600B28CF4}.Debug|Any CPU.ActiveCfg = Debug|Any CPU
		{C0B5EBD7-D539-B103-A567-CB2600B28CF4}.Debug|Any CPU.Build.0 = Debug|Any CPU
		{C0B5EBD7-D539-B103-A567-CB2600B28CF4}.Release|Any CPU.ActiveCfg = Release|Any CPU
		{C0B5EBD7-D539-B103-A567-CB2600B28CF4}.Release|Any CPU.Build.0 = Release|Any CPU
		{44325BFD-F42C-CC28-3844-648301DDED30}.Debug|Any CPU.ActiveCfg = Debug|Any CPU
		{44325BFD-F42C-CC28-3844-648301DDED30}.Debug|Any CPU.Build.0 = Debug|Any CPU
		{44325BFD-F42C-CC28-3844-648301DDED30}.Release|Any CPU.ActiveCfg = Release|Any CPU
		{44325BFD-F42C-CC28-3844-648301DDED30}.Release|Any CPU.Build.0 = Release|Any CPU
		{1FB58507-CF59-94C8-508F-A084F4A9FD55}.Debug|Any CPU.ActiveCfg = Debug|Any CPU
		{1FB58507-CF59-94C8-508F-A084F4A9FD55}.Debug|Any CPU.Build.0 = Debug|Any CPU
		{1FB58507-CF59-94C8-508F-A084F4A9FD55}.Release|Any CPU.ActiveCfg = Release|Any CPU
		{1FB58507-CF59-94C8-508F-A084F4A9FD55}.Release|Any CPU.Build.0 = Release|Any CPU
		{88DA100D-ABDF-58AF-2A32-91522B0C912A}.Debug|Any CPU.ActiveCfg = Debug|Any CPU
		{88DA100D-ABDF-58AF-2A32-91522B0C912A}.Debug|Any CPU.Build.0 = Debug|Any CPU
		{88DA100D-ABDF-58AF-2A32-91522B0C912A}.Release|Any CPU.ActiveCfg = Release|Any CPU
		{88DA100D-ABDF-58AF-2A32-91522B0C912A}.Release|Any CPU.Build.0 = Release|Any CPU
		{79870F09-89D1-294E-B974-7616805182A3}.Debug|Any CPU.ActiveCfg = Debug|Any CPU
		{79870F09-89D1-294E-B974-7616805182A3}.Debug|Any CPU.Build.0 = Debug|Any CPU
		{79870F09-89D1-294E-B974-7616805182A3}.Release|Any CPU.ActiveCfg = Release|Any CPU
		{79870F09-89D1-294E-B974-7616805182A3}.Release|Any CPU.Build.0 = Release|Any CPU
		{6A066BF1-32F7-E2A9-FA39-F3A7D38DB1EA}.Debug|Any CPU.ActiveCfg = Debug|Any CPU
		{6A066BF1-32F7-E2A9-FA39-F3A7D38DB1EA}.Debug|Any CPU.Build.0 = Debug|Any CPU
		{6A066BF1-32F7-E2A9-FA39-F3A7D38DB1EA}.Release|Any CPU.ActiveCfg = Release|Any CPU
		{6A066BF1-32F7-E2A9-FA39-F3A7D38DB1EA}.Release|Any CPU.Build.0 = Release|Any CPU
		{F569E38E-B18B-2F38-A07F-D17C1EC42B04}.Debug|Any CPU.ActiveCfg = Debug|Any CPU
		{F569E38E-B18B-2F38-A07F-D17C1EC42B04}.Debug|Any CPU.Build.0 = Debug|Any CPU
		{F569E38E-B18B-2F38-A07F-D17C1EC42B04}.Release|Any CPU.ActiveCfg = Release|Any CPU
		{F569E38E-B18B-2F38-A07F-D17C1EC42B04}.Release|Any CPU.Build.0 = Release|Any CPU
		{E68466FD-AB7E-C3C0-D7AD-CBE69B1CEFEF}.Debug|Any CPU.ActiveCfg = Debug|Any CPU
		{E68466FD-AB7E-C3C0-D7AD-CBE69B1CEFEF}.Debug|Any CPU.Build.0 = Debug|Any CPU
		{E68466FD-AB7E-C3C0-D7AD-CBE69B1CEFEF}.Release|Any CPU.ActiveCfg = Release|Any CPU
		{E68466FD-AB7E-C3C0-D7AD-CBE69B1CEFEF}.Release|Any CPU.Build.0 = Release|Any CPU
		{BF677CB9-E48E-D176-4064-B6B07DF5196A}.Debug|Any CPU.ActiveCfg = Debug|Any CPU
		{BF677CB9-E48E-D176-4064-B6B07DF5196A}.Debug|Any CPU.Build.0 = Debug|Any CPU
		{BF677CB9-E48E-D176-4064-B6B07DF5196A}.Release|Any CPU.ActiveCfg = Release|Any CPU
		{BF677CB9-E48E-D176-4064-B6B07DF5196A}.Release|Any CPU.Build.0 = Release|Any CPU
		{6A7CB042-D5F2-2020-25CA-31EA4B42575E}.Debug|Any CPU.ActiveCfg = Debug|Any CPU
		{6A7CB042-D5F2-2020-25CA-31EA4B42575E}.Debug|Any CPU.Build.0 = Debug|Any CPU
		{6A7CB042-D5F2-2020-25CA-31EA4B42575E}.Release|Any CPU.ActiveCfg = Release|Any CPU
		{6A7CB042-D5F2-2020-25CA-31EA4B42575E}.Release|Any CPU.Build.0 = Release|Any CPU
		{079359A2-E76E-88C1-902B-C376EAE47BE7}.Debug|Any CPU.ActiveCfg = Debug|Any CPU
		{079359A2-E76E-88C1-902B-C376EAE47BE7}.Debug|Any CPU.Build.0 = Debug|Any CPU
		{079359A2-E76E-88C1-902B-C376EAE47BE7}.Release|Any CPU.ActiveCfg = Release|Any CPU
		{079359A2-E76E-88C1-902B-C376EAE47BE7}.Release|Any CPU.Build.0 = Release|Any CPU
		{CD53E337-499A-6D75-2FA9-90E8774FB9D7}.Debug|Any CPU.ActiveCfg = Debug|Any CPU
		{CD53E337-499A-6D75-2FA9-90E8774FB9D7}.Debug|Any CPU.Build.0 = Debug|Any CPU
		{CD53E337-499A-6D75-2FA9-90E8774FB9D7}.Release|Any CPU.ActiveCfg = Release|Any CPU
		{CD53E337-499A-6D75-2FA9-90E8774FB9D7}.Release|Any CPU.Build.0 = Release|Any CPU
		{EA50AC81-35B3-4293-0B43-51CE873D3839}.Debug|Any CPU.ActiveCfg = Debug|Any CPU
		{EA50AC81-35B3-4293-0B43-51CE873D3839}.Debug|Any CPU.Build.0 = Debug|Any CPU
		{EA50AC81-35B3-4293-0B43-51CE873D3839}.Release|Any CPU.ActiveCfg = Release|Any CPU
		{EA50AC81-35B3-4293-0B43-51CE873D3839}.Release|Any CPU.Build.0 = Release|Any CPU
		{0BF6AABC-7E4D-9ED6-31B8-FE9F9A62BF7E}.Debug|Any CPU.ActiveCfg = Debug|Any CPU
		{0BF6AABC-7E4D-9ED6-31B8-FE9F9A62BF7E}.Debug|Any CPU.Build.0 = Debug|Any CPU
		{0BF6AABC-7E4D-9ED6-31B8-FE9F9A62BF7E}.Release|Any CPU.ActiveCfg = Release|Any CPU
		{0BF6AABC-7E4D-9ED6-31B8-FE9F9A62BF7E}.Release|Any CPU.Build.0 = Release|Any CPU
		{ADF5635C-BA36-E920-C9BE-FCF24CA5EE0A}.Debug|Any CPU.ActiveCfg = Debug|Any CPU
		{ADF5635C-BA36-E920-C9BE-FCF24CA5EE0A}.Debug|Any CPU.Build.0 = Debug|Any CPU
		{ADF5635C-BA36-E920-C9BE-FCF24CA5EE0A}.Release|Any CPU.ActiveCfg = Release|Any CPU
		{ADF5635C-BA36-E920-C9BE-FCF24CA5EE0A}.Release|Any CPU.Build.0 = Release|Any CPU
		{7A7DAE8B-70E9-CB2A-6FC2-7F28A99BBB9A}.Debug|Any CPU.ActiveCfg = Debug|Any CPU
		{7A7DAE8B-70E9-CB2A-6FC2-7F28A99BBB9A}.Debug|Any CPU.Build.0 = Debug|Any CPU
		{7A7DAE8B-70E9-CB2A-6FC2-7F28A99BBB9A}.Release|Any CPU.ActiveCfg = Release|Any CPU
		{7A7DAE8B-70E9-CB2A-6FC2-7F28A99BBB9A}.Release|Any CPU.Build.0 = Release|Any CPU
		{0818BF58-7CD4-8969-7423-F322DC41C549}.Debug|Any CPU.ActiveCfg = Debug|Any CPU
		{0818BF58-7CD4-8969-7423-F322DC41C549}.Debug|Any CPU.Build.0 = Debug|Any CPU
		{0818BF58-7CD4-8969-7423-F322DC41C549}.Release|Any CPU.ActiveCfg = Release|Any CPU
		{0818BF58-7CD4-8969-7423-F322DC41C549}.Release|Any CPU.Build.0 = Release|Any CPU
		{F5377CFF-54CE-1F9E-D9E6-A70B86844DD2}.Debug|Any CPU.ActiveCfg = Debug|Any CPU
		{F5377CFF-54CE-1F9E-D9E6-A70B86844DD2}.Debug|Any CPU.Build.0 = Debug|Any CPU
		{F5377CFF-54CE-1F9E-D9E6-A70B86844DD2}.Release|Any CPU.ActiveCfg = Release|Any CPU
		{F5377CFF-54CE-1F9E-D9E6-A70B86844DD2}.Release|Any CPU.Build.0 = Release|Any CPU
		{B1754165-11D1-2F8B-D6F4-5FF238869A05}.Debug|Any CPU.ActiveCfg = Debug|Any CPU
		{B1754165-11D1-2F8B-D6F4-5FF238869A05}.Debug|Any CPU.Build.0 = Debug|Any CPU
		{B1754165-11D1-2F8B-D6F4-5FF238869A05}.Release|Any CPU.ActiveCfg = Release|Any CPU
		{B1754165-11D1-2F8B-D6F4-5FF238869A05}.Release|Any CPU.Build.0 = Release|Any CPU
		{CA4C7946-5807-6DD4-1C9D-1247A8E85DF0}.Debug|Any CPU.ActiveCfg = Debug|Any CPU
		{CA4C7946-5807-6DD4-1C9D-1247A8E85DF0}.Debug|Any CPU.Build.0 = Debug|Any CPU
		{CA4C7946-5807-6DD4-1C9D-1247A8E85DF0}.Release|Any CPU.ActiveCfg = Release|Any CPU
		{CA4C7946-5807-6DD4-1C9D-1247A8E85DF0}.Release|Any CPU.Build.0 = Release|Any CPU
		{B70E063B-3507-B8E9-1604-0845CE4DEE14}.Debug|Any CPU.ActiveCfg = Debug|Any CPU
		{B70E063B-3507-B8E9-1604-0845CE4DEE14}.Debug|Any CPU.Build.0 = Debug|Any CPU
		{B70E063B-3507-B8E9-1604-0845CE4DEE14}.Release|Any CPU.ActiveCfg = Release|Any CPU
		{B70E063B-3507-B8E9-1604-0845CE4DEE14}.Release|Any CPU.Build.0 = Release|Any CPU
		{F0CF0A69-1CE8-CFF9-0130-35FA80BC2B43}.Debug|Any CPU.ActiveCfg = Debug|Any CPU
		{F0CF0A69-1CE8-CFF9-0130-35FA80BC2B43}.Debug|Any CPU.Build.0 = Debug|Any CPU
		{F0CF0A69-1CE8-CFF9-0130-35FA80BC2B43}.Release|Any CPU.ActiveCfg = Release|Any CPU
		{F0CF0A69-1CE8-CFF9-0130-35FA80BC2B43}.Release|Any CPU.Build.0 = Release|Any CPU
	EndGlobalSection
	GlobalSection(SolutionProperties) = preSolution
		HideSolutionNode = FALSE
	EndGlobalSection
EndGlobal
